
Microsoft Visual Studio Solution File, Format Version 12.00
# Visual Studio Version 16
VisualStudioVersion = 16.0.31702.278
MinimumVisualStudioVersion = 10.0.40219.1
Project("{FAE04EC0-301F-11D3-BF4B-00C04F79EFBC}") = "TokoLaundry", "TokoLaundry\TokoLaundry.csproj", "{36F3E6BD-59BA-437E-80DE-B0743EF6D4EF}"
EndProject
Global
	GlobalSection(SolutionConfigurationPlatforms) = preSolution
		Debug|Any CPU = Debug|Any CPU
		Release|Any CPU = Release|Any CPU
	EndGlobalSection
	GlobalSection(ProjectConfigurationPlatforms) = postSolution
		{36F3E6BD-59BA-437E-80DE-B0743EF6D4EF}.Debug|Any CPU.ActiveCfg = Debug|Any CPU
		{36F3E6BD-59BA-437E-80DE-B0743EF6D4EF}.Debug|Any CPU.Build.0 = Debug|Any CPU
		{36F3E6BD-59BA-437E-80DE-B0743EF6D4EF}.Release|Any CPU.ActiveCfg = Release|Any CPU
		{36F3E6BD-59BA-437E-80DE-B0743EF6D4EF}.Release|Any CPU.Build.0 = Release|Any CPU
	EndGlobalSection
	GlobalSection(SolutionProperties) = preSolution
		HideSolutionNode = FALSE
	EndGlobalSection
	GlobalSection(ExtensibilityGlobals) = postSolution
		SolutionGuid = {99E17017-37CF-4EEA-890F-8BBDE0663BB7}
	EndGlobalSection
EndGlobal
